
Microsoft Visual Studio Solution File, Format Version 12.00
# Visual Studio 15
VisualStudioVersion = 15.0.27428.2002
MinimumVisualStudioVersion = 10.0.40219.1
Project("{FAE04EC0-301F-11D3-BF4B-00C04F79EFBC}") = "HatchlingCompany.Models", "HatchlingCompany.Models\HatchlingCompany.Models.csproj", "{840E7571-093D-4287-B9A9-0FA296CC027E}"
EndProject
Project("{FAE04EC0-301F-11D3-BF4B-00C04F79EFBC}") = "HatchlingCompany.Data", "HatchlingCompany.Data\HatchlingCompany.Data.csproj", "{02AD755B-24CE-4184-8F86-1ADD9D792CF3}"
EndProject
Project("{FAE04EC0-301F-11D3-BF4B-00C04F79EFBC}") = "HatchlingCompany.Console", "HatchlingCompany.Console\HatchlingCompany.Console.csproj", "{8CF99061-1BD7-4E31-94C9-E9846BD5ED0E}"
EndProject
Project("{FAE04EC0-301F-11D3-BF4B-00C04F79EFBC}") = "HatchlingCompany.Utils", "HatchlingCompany.Utils\HatchlingCompany.Utils.csproj", "{F89833FC-A673-4CD5-92F1-2A8D034B7204}"
EndProject
Project("{FAE04EC0-301F-11D3-BF4B-00C04F79EFBC}") = "HatchlingCompany.UnitTesting", "HatchlingCompany.UnitTesting\HatchlingCompany.UnitTesting.csproj", "{7738CB9C-809E-4178-9267-B2B5029DF468}"
EndProject
Project("{FAE04EC0-301F-11D3-BF4B-00C04F79EFBC}") = "HatchlingCompany.Sandbox", "HatchlingCompany.Sandbox\HatchlingCompany.Sandbox.csproj", "{699E720F-81D0-43F4-95EC-5577404D2E12}"
EndProject
Project("{FAE04EC0-301F-11D3-BF4B-00C04F79EFBC}") = "HatchlingCompany.Core", "HatchlingCompany.Core\HatchlingCompany.Core.csproj", "{00CEBC20-1262-4F2D-9041-79673AEEE5A9}"
EndProject
Global
	GlobalSection(SolutionConfigurationPlatforms) = preSolution
		Debug|Any CPU = Debug|Any CPU
		Release|Any CPU = Release|Any CPU
	EndGlobalSection
	GlobalSection(ProjectConfigurationPlatforms) = postSolution
		{840E7571-093D-4287-B9A9-0FA296CC027E}.Debug|Any CPU.ActiveCfg = Debug|Any CPU
		{840E7571-093D-4287-B9A9-0FA296CC027E}.Debug|Any CPU.Build.0 = Debug|Any CPU
		{840E7571-093D-4287-B9A9-0FA296CC027E}.Release|Any CPU.ActiveCfg = Release|Any CPU
		{840E7571-093D-4287-B9A9-0FA296CC027E}.Release|Any CPU.Build.0 = Release|Any CPU
		{02AD755B-24CE-4184-8F86-1ADD9D792CF3}.Debug|Any CPU.ActiveCfg = Debug|Any CPU
		{02AD755B-24CE-4184-8F86-1ADD9D792CF3}.Debug|Any CPU.Build.0 = Debug|Any CPU
		{02AD755B-24CE-4184-8F86-1ADD9D792CF3}.Release|Any CPU.ActiveCfg = Release|Any CPU
		{02AD755B-24CE-4184-8F86-1ADD9D792CF3}.Release|Any CPU.Build.0 = Release|Any CPU
		{8CF99061-1BD7-4E31-94C9-E9846BD5ED0E}.Debug|Any CPU.ActiveCfg = Debug|Any CPU
		{8CF99061-1BD7-4E31-94C9-E9846BD5ED0E}.Debug|Any CPU.Build.0 = Debug|Any CPU
		{8CF99061-1BD7-4E31-94C9-E9846BD5ED0E}.Release|Any CPU.ActiveCfg = Release|Any CPU
		{8CF99061-1BD7-4E31-94C9-E9846BD5ED0E}.Release|Any CPU.Build.0 = Release|Any CPU
		{F89833FC-A673-4CD5-92F1-2A8D034B7204}.Debug|Any CPU.ActiveCfg = Debug|Any CPU
		{F89833FC-A673-4CD5-92F1-2A8D034B7204}.Debug|Any CPU.Build.0 = Debug|Any CPU
		{F89833FC-A673-4CD5-92F1-2A8D034B7204}.Release|Any CPU.ActiveCfg = Release|Any CPU
		{F89833FC-A673-4CD5-92F1-2A8D034B7204}.Release|Any CPU.Build.0 = Release|Any CPU
		{7738CB9C-809E-4178-9267-B2B5029DF468}.Debug|Any CPU.ActiveCfg = Debug|Any CPU
		{7738CB9C-809E-4178-9267-B2B5029DF468}.Debug|Any CPU.Build.0 = Debug|Any CPU
		{7738CB9C-809E-4178-9267-B2B5029DF468}.Release|Any CPU.ActiveCfg = Release|Any CPU
		{7738CB9C-809E-4178-9267-B2B5029DF468}.Release|Any CPU.Build.0 = Release|Any CPU
		{699E720F-81D0-43F4-95EC-5577404D2E12}.Debug|Any CPU.ActiveCfg = Debug|Any CPU
		{699E720F-81D0-43F4-95EC-5577404D2E12}.Debug|Any CPU.Build.0 = Debug|Any CPU
		{699E720F-81D0-43F4-95EC-5577404D2E12}.Release|Any CPU.ActiveCfg = Release|Any CPU
		{699E720F-81D0-43F4-95EC-5577404D2E12}.Release|Any CPU.Build.0 = Release|Any CPU
		{00CEBC20-1262-4F2D-9041-79673AEEE5A9}.Debug|Any CPU.ActiveCfg = Debug|Any CPU
		{00CEBC20-1262-4F2D-9041-79673AEEE5A9}.Debug|Any CPU.Build.0 = Debug|Any CPU
		{00CEBC20-1262-4F2D-9041-79673AEEE5A9}.Release|Any CPU.ActiveCfg = Release|Any CPU
		{00CEBC20-1262-4F2D-9041-79673AEEE5A9}.Release|Any CPU.Build.0 = Release|Any CPU
	EndGlobalSection
	GlobalSection(SolutionProperties) = preSolution
		HideSolutionNode = FALSE
	EndGlobalSection
	GlobalSection(ExtensibilityGlobals) = postSolution
		SolutionGuid = {8B934558-89D9-4977-BE10-37072DC99AD4}
	EndGlobalSection
EndGlobal
